
Microsoft Visual Studio Solution File, Format Version 12.00
# Visual Studio 14
VisualStudioVersion = 14.0.25123.0
MinimumVisualStudioVersion = 10.0.40219.1
Project("{D93A48D5-B7AA-4C78-98A0-69AADDD451D3}") = "Sitecore.Support.96627", "Sitecore.Support.96627\Sitecore.Support.96627.csproj", "{0298B1CD-8FD6-4CF3-ADA0-DB8864F60148}"
EndProject
Global
	GlobalSection(SolutionConfigurationPlatforms) = preSolution
		Debug|Any CPU = Debug|Any CPU
		Release|Any CPU = Release|Any CPU
	EndGlobalSection
	GlobalSection(ProjectConfigurationPlatforms) = postSolution
		{0298B1CD-8FD6-4CF3-ADA0-DB8864F60148}.Debug|Any CPU.ActiveCfg = Debug|Any CPU
		{0298B1CD-8FD6-4CF3-ADA0-DB8864F60148}.Debug|Any CPU.Build.0 = Debug|Any CPU
		{0298B1CD-8FD6-4CF3-ADA0-DB8864F60148}.Release|Any CPU.ActiveCfg = Release|Any CPU
		{0298B1CD-8FD6-4CF3-ADA0-DB8864F60148}.Release|Any CPU.Build.0 = Release|Any CPU
	EndGlobalSection
	GlobalSection(SolutionProperties) = preSolution
		HideSolutionNode = FALSE
	EndGlobalSection
EndGlobal
